
Microsoft Visual Studio Solution File, Format Version 12.00
# Visual Studio Version 18
VisualStudioVersion = 18.0.11217.181
MinimumVisualStudioVersion = 10.0.40219.1
Project("{2150E333-8FDC-42A3-9474-1A3956D46DE8}") = "src", "src", "{B0EA70D8-25B5-429C-BEB9-39CCFD0C288B}"
EndProject
Project("{FAE04EC0-301F-11D3-BF4B-00C04F79EFBC}") = "Stack86.Api", "src\Stack86.Api\Stack86.Api.csproj", "{8E97E9C7-6623-1615-571E-7E846B8453F0}"
EndProject
Project("{FAE04EC0-301F-11D3-BF4B-00C04F79EFBC}") = "Stack86.Common", "src\Stack86.Common\Stack86.Common.csproj", "{3828B06A-D5DB-3D88-0DA6-541F61E01C5C}"
EndProject
Project("{FAE04EC0-301F-11D3-BF4B-00C04F79EFBC}") = "Stack86.Web", "src\Stack86.Web\Stack86.Web.csproj", "{1E33EDA1-B49D-4494-9169-0E8640A2662C}"
EndProject
Project("{FAE04EC0-301F-11D3-BF4B-00C04F79EFBC}") = "Stack86.Logic", "src\Stack86.Logic\Stack86.Logic.csproj", "{B324EF4B-1138-9092-5451-0CD48C485E9A}"
EndProject
Project("{2150E333-8FDC-42A3-9474-1A3956D46DE8}") = "dev", "dev", "{136B6184-D1B9-4F77-A4D3-6E720157DD33}"
EndProject
Project("{2150E333-8FDC-42A3-9474-1A3956D46DE8}") = "windows", "windows", "{53D6ED1B-E4CD-444B-8E3C-9F8B81DF5765}"
	ProjectSection(SolutionItems) = preProject
		dev\windows\start.ps1 = dev\windows\start.ps1
	EndProjectSection
EndProject
Project("{2150E333-8FDC-42A3-9474-1A3956D46DE8}") = "Solution Items", "Solution Items", "{73F1B776-B450-4FA0-9723-8D56270A4DE1}"
	ProjectSection(SolutionItems) = preProject
		src\.editorconfig = src\.editorconfig
		.gitignore = .gitignore
		src\Directory.Build.props = src\Directory.Build.props
		README.md = README.md
		src\stylecop.json = src\stylecop.json
		package.json = package.json
	EndProjectSection
EndProject
Project("{2150E333-8FDC-42A3-9474-1A3956D46DE8}") = "test", "test", "{0C88DD14-F956-CE84-757C-A364CCF449FC}"
EndProject
Project("{FAE04EC0-301F-11D3-BF4B-00C04F79EFBC}") = "Stack86.Test.Utility", "test\Stack86.Test.Utility\Stack86.Test.Utility.csproj", "{CE610734-36F4-43EF-BA94-DEB86EA0DC6D}"
EndProject
Project("{FAE04EC0-301F-11D3-BF4B-00C04F79EFBC}") = "Stack86.Test.Infrastructure", "test\Stack86.Test.Infrastructure\Stack86.Test.Infrastructure.csproj", "{93BA8A01-2A49-42ED-8C7F-D6D3F8D4E640}"
EndProject
Project("{FAE04EC0-301F-11D3-BF4B-00C04F79EFBC}") = "Stack86.Api.Test", "test\Stack86.Api.Test\Stack86.Api.Test.csproj", "{73B7EB8F-F526-4196-AC9E-F9D407EEB118}"
EndProject
Project("{FAE04EC0-301F-11D3-BF4B-00C04F79EFBC}") = "Stack86.Logic.Test", "test\Stack86.Logic.Test\Stack86.Logic.Test.csproj", "{71796DAA-650F-478D-AC7D-056ABCA711D1}"
EndProject
Project("{FAE04EC0-301F-11D3-BF4B-00C04F79EFBC}") = "Stack86.Integration.Test", "test\Stack86.Integration.Test\Stack86.Integration.Test.csproj", "{5D131565-9700-4E82-9D25-C9DE507C62C6}"
EndProject
Global
	GlobalSection(SolutionConfigurationPlatforms) = preSolution
		Debug|Any CPU = Debug|Any CPU
		Debug|x64 = Debug|x64
		Debug|x86 = Debug|x86
		Release|Any CPU = Release|Any CPU
		Release|x64 = Release|x64
		Release|x86 = Release|x86
	EndGlobalSection
	GlobalSection(ProjectConfigurationPlatforms) = postSolution
		{8E97E9C7-6623-1615-571E-7E846B8453F0}.Debug|Any CPU.ActiveCfg = Debug|Any CPU
		{8E97E9C7-6623-1615-571E-7E846B8453F0}.Debug|Any CPU.Build.0 = Debug|Any CPU
		{8E97E9C7-6623-1615-571E-7E846B8453F0}.Debug|x64.ActiveCfg = Debug|Any CPU
		{8E97E9C7-6623-1615-571E-7E846B8453F0}.Debug|x64.Build.0 = Debug|Any CPU
		{8E97E9C7-6623-1615-571E-7E846B8453F0}.Debug|x86.ActiveCfg = Debug|Any CPU
		{8E97E9C7-6623-1615-571E-7E846B8453F0}.Debug|x86.Build.0 = Debug|Any CPU
		{8E97E9C7-6623-1615-571E-7E846B8453F0}.Release|Any CPU.ActiveCfg = Release|Any CPU
		{8E97E9C7-6623-1615-571E-7E846B8453F0}.Release|Any CPU.Build.0 = Release|Any CPU
		{8E97E9C7-6623-1615-571E-7E846B8453F0}.Release|x64.ActiveCfg = Release|Any CPU
		{8E97E9C7-6623-1615-571E-7E846B8453F0}.Release|x64.Build.0 = Release|Any CPU
		{8E97E9C7-6623-1615-571E-7E846B8453F0}.Release|x86.ActiveCfg = Release|Any CPU
		{8E97E9C7-6623-1615-571E-7E846B8453F0}.Release|x86.Build.0 = Release|Any CPU
		{3828B06A-D5DB-3D88-0DA6-541F61E01C5C}.Debug|Any CPU.ActiveCfg = Debug|Any CPU
		{3828B06A-D5DB-3D88-0DA6-541F61E01C5C}.Debug|Any CPU.Build.0 = Debug|Any CPU
		{3828B06A-D5DB-3D88-0DA6-541F61E01C5C}.Debug|x64.ActiveCfg = Debug|Any CPU
		{3828B06A-D5DB-3D88-0DA6-541F61E01C5C}.Debug|x64.Build.0 = Debug|Any CPU
		{3828B06A-D5DB-3D88-0DA6-541F61E01C5C}.Debug|x86.ActiveCfg = Debug|Any CPU
		{3828B06A-D5DB-3D88-0DA6-541F61E01C5C}.Debug|x86.Build.0 = Debug|Any CPU
		{3828B06A-D5DB-3D88-0DA6-541F61E01C5C}.Release|Any CPU.ActiveCfg = Release|Any CPU
		{3828B06A-D5DB-3D88-0DA6-541F61E01C5C}.Release|Any CPU.Build.0 = Release|Any CPU
		{3828B06A-D5DB-3D88-0DA6-541F61E01C5C}.Release|x64.ActiveCfg = Release|Any CPU
		{3828B06A-D5DB-3D88-0DA6-541F61E01C5C}.Release|x64.Build.0 = Release|Any CPU
		{3828B06A-D5DB-3D88-0DA6-541F61E01C5C}.Release|x86.ActiveCfg = Release|Any CPU
		{3828B06A-D5DB-3D88-0DA6-541F61E01C5C}.Release|x86.Build.0 = Release|Any CPU
		{1E33EDA1-B49D-4494-9169-0E8640A2662C}.Debug|Any CPU.ActiveCfg = Debug|Any CPU
		{1E33EDA1-B49D-4494-9169-0E8640A2662C}.Debug|Any CPU.Build.0 = Debug|Any CPU
		{1E33EDA1-B49D-4494-9169-0E8640A2662C}.Debug|x64.ActiveCfg = Debug|Any CPU
		{1E33EDA1-B49D-4494-9169-0E8640A2662C}.Debug|x64.Build.0 = Debug|Any CPU
		{1E33EDA1-B49D-4494-9169-0E8640A2662C}.Debug|x86.ActiveCfg = Debug|Any CPU
		{1E33EDA1-B49D-4494-9169-0E8640A2662C}.Debug|x86.Build.0 = Debug|Any CPU
		{1E33EDA1-B49D-4494-9169-0E8640A2662C}.Release|Any CPU.ActiveCfg = Release|Any CPU
		{1E33EDA1-B49D-4494-9169-0E8640A2662C}.Release|Any CPU.Build.0 = Release|Any CPU
		{1E33EDA1-B49D-4494-9169-0E8640A2662C}.Release|x64.ActiveCfg = Release|Any CPU
		{1E33EDA1-B49D-4494-9169-0E8640A2662C}.Release|x64.Build.0 = Release|Any CPU
		{1E33EDA1-B49D-4494-9169-0E8640A2662C}.Release|x86.ActiveCfg = Release|Any CPU
		{1E33EDA1-B49D-4494-9169-0E8640A2662C}.Release|x86.Build.0 = Release|Any CPU
		{B324EF4B-1138-9092-5451-0CD48C485E9A}.Debug|Any CPU.ActiveCfg = Debug|Any CPU
		{B324EF4B-1138-9092-5451-0CD48C485E9A}.Debug|Any CPU.Build.0 = Debug|Any CPU
		{B324EF4B-1138-9092-5451-0CD48C485E9A}.Debug|x64.ActiveCfg = Debug|Any CPU
		{B324EF4B-1138-9092-5451-0CD48C485E9A}.Debug|x64.Build.0 = Debug|Any CPU
		{B324EF4B-1138-9092-5451-0CD48C485E9A}.Debug|x86.ActiveCfg = Debug|Any CPU
		{B324EF4B-1138-9092-5451-0CD48C485E9A}.Debug|x86.Build.0 = Debug|Any CPU
		{B324EF4B-1138-9092-5451-0CD48C485E9A}.Release|Any CPU.ActiveCfg = Release|Any CPU
		{B324EF4B-1138-9092-5451-0CD48C485E9A}.Release|Any CPU.Build.0 = Release|Any CPU
		{B324EF4B-1138-9092-5451-0CD48C485E9A}.Release|x64.ActiveCfg = Release|Any CPU
		{B324EF4B-1138-9092-5451-0CD48C485E9A}.Release|x64.Build.0 = Release|Any CPU
		{B324EF4B-1138-9092-5451-0CD48C485E9A}.Release|x86.ActiveCfg = Release|Any CPU
		{B324EF4B-1138-9092-5451-0CD48C485E9A}.Release|x86.Build.0 = Release|Any CPU
		{CE610734-36F4-43EF-BA94-DEB86EA0DC6D}.Debug|Any CPU.ActiveCfg = Debug|Any CPU
		{CE610734-36F4-43EF-BA94-DEB86EA0DC6D}.Debug|Any CPU.Build.0 = Debug|Any CPU
		{CE610734-36F4-43EF-BA94-DEB86EA0DC6D}.Debug|x64.ActiveCfg = Debug|Any CPU
		{CE610734-36F4-43EF-BA94-DEB86EA0DC6D}.Debug|x64.Build.0 = Debug|Any CPU
		{CE610734-36F4-43EF-BA94-DEB86EA0DC6D}.Debug|x86.ActiveCfg = Debug|Any CPU
		{CE610734-36F4-43EF-BA94-DEB86EA0DC6D}.Debug|x86.Build.0 = Debug|Any CPU
		{CE610734-36F4-43EF-BA94-DEB86EA0DC6D}.Release|Any CPU.ActiveCfg = Release|Any CPU
		{CE610734-36F4-43EF-BA94-DEB86EA0DC6D}.Release|Any CPU.Build.0 = Release|Any CPU
		{CE610734-36F4-43EF-BA94-DEB86EA0DC6D}.Release|x64.ActiveCfg = Release|Any CPU
		{CE610734-36F4-43EF-BA94-DEB86EA0DC6D}.Release|x64.Build.0 = Release|Any CPU
		{CE610734-36F4-43EF-BA94-DEB86EA0DC6D}.Release|x86.ActiveCfg = Release|Any CPU
		{CE610734-36F4-43EF-BA94-DEB86EA0DC6D}.Release|x86.Build.0 = Release|Any CPU
		{93BA8A01-2A49-42ED-8C7F-D6D3F8D4E640}.Debug|Any CPU.ActiveCfg = Debug|Any CPU
		{93BA8A01-2A49-42ED-8C7F-D6D3F8D4E640}.Debug|Any CPU.Build.0 = Debug|Any CPU
		{93BA8A01-2A49-42ED-8C7F-D6D3F8D4E640}.Debug|x64.ActiveCfg = Debug|Any CPU
		{93BA8A01-2A49-42ED-8C7F-D6D3F8D4E640}.Debug|x64.Build.0 = Debug|Any CPU
		{93BA8A01-2A49-42ED-8C7F-D6D3F8D4E640}.Debug|x86.ActiveCfg = Debug|Any CPU
		{93BA8A01-2A49-42ED-8C7F-D6D3F8D4E640}.Debug|x86.Build.0 = Debug|Any CPU
		{93BA8A01-2A49-42ED-8C7F-D6D3F8D4E640}.Release|Any CPU.ActiveCfg = Release|Any CPU
		{93BA8A01-2A49-42ED-8C7F-D6D3F8D4E640}.Release|Any CPU.Build.0 = Release|Any CPU
		{93BA8A01-2A49-42ED-8C7F-D6D3F8D4E640}.Release|x64.ActiveCfg = Release|Any CPU
		{93BA8A01-2A49-42ED-8C7F-D6D3F8D4E640}.Release|x64.Build.0 = Release|Any CPU
		{93BA8A01-2A49-42ED-8C7F-D6D3F8D4E640}.Release|x86.ActiveCfg = Release|Any CPU
		{93BA8A01-2A49-42ED-8C7F-D6D3F8D4E640}.Release|x86.Build.0 = Release|Any CPU
		{73B7EB8F-F526-4196-AC9E-F9D407EEB118}.Debug|Any CPU.ActiveCfg = Debug|Any CPU
		{73B7EB8F-F526-4196-AC9E-F9D407EEB118}.Debug|Any CPU.Build.0 = Debug|Any CPU
		{73B7EB8F-F526-4196-AC9E-F9D407EEB118}.Debug|x64.ActiveCfg = Debug|Any CPU
		{73B7EB8F-F526-4196-AC9E-F9D407EEB118}.Debug|x64.Build.0 = Debug|Any CPU
		{73B7EB8F-F526-4196-AC9E-F9D407EEB118}.Debug|x86.ActiveCfg = Debug|Any CPU
		{73B7EB8F-F526-4196-AC9E-F9D407EEB118}.Debug|x86.Build.0 = Debug|Any CPU
		{73B7EB8F-F526-4196-AC9E-F9D407EEB118}.Release|Any CPU.ActiveCfg = Release|Any CPU
		{73B7EB8F-F526-4196-AC9E-F9D407EEB118}.Release|Any CPU.Build.0 = Release|Any CPU
		{73B7EB8F-F526-4196-AC9E-F9D407EEB118}.Release|x64.ActiveCfg = Release|Any CPU
		{73B7EB8F-F526-4196-AC9E-F9D407EEB118}.Release|x64.Build.0 = Release|Any CPU
		{73B7EB8F-F526-4196-AC9E-F9D407EEB118}.Release|x86.ActiveCfg = Release|Any CPU
		{73B7EB8F-F526-4196-AC9E-F9D407EEB118}.Release|x86.Build.0 = Release|Any CPU
		{71796DAA-650F-478D-AC7D-056ABCA711D1}.Debug|Any CPU.ActiveCfg = Debug|Any CPU
		{71796DAA-650F-478D-AC7D-056ABCA711D1}.Debug|Any CPU.Build.0 = Debug|Any CPU
		{71796DAA-650F-478D-AC7D-056ABCA711D1}.Debug|x64.ActiveCfg = Debug|Any CPU
		{71796DAA-650F-478D-AC7D-056ABCA711D1}.Debug|x64.Build.0 = Debug|Any CPU
		{71796DAA-650F-478D-AC7D-056ABCA711D1}.Debug|x86.ActiveCfg = Debug|Any CPU
		{71796DAA-650F-478D-AC7D-056ABCA711D1}.Debug|x86.Build.0 = Debug|Any CPU
		{71796DAA-650F-478D-AC7D-056ABCA711D1}.Release|Any CPU.ActiveCfg = Release|Any CPU
		{71796DAA-650F-478D-AC7D-056ABCA711D1}.Release|Any CPU.Build.0 = Release|Any CPU
		{71796DAA-650F-478D-AC7D-056ABCA711D1}.Release|x64.ActiveCfg = Release|Any CPU
		{71796DAA-650F-478D-AC7D-056ABCA711D1}.Release|x64.Build.0 = Release|Any CPU
		{71796DAA-650F-478D-AC7D-056ABCA711D1}.Release|x86.ActiveCfg = Release|Any CPU
		{71796DAA-650F-478D-AC7D-056ABCA711D1}.Release|x86.Build.0 = Release|Any CPU
		{5D131565-9700-4E82-9D25-C9DE507C62C6}.Debug|Any CPU.ActiveCfg = Debug|Any CPU
		{5D131565-9700-4E82-9D25-C9DE507C62C6}.Debug|Any CPU.Build.0 = Debug|Any CPU
		{5D131565-9700-4E82-9D25-C9DE507C62C6}.Debug|x64.ActiveCfg = Debug|Any CPU
		{5D131565-9700-4E82-9D25-C9DE507C62C6}.Debug|x64.Build.0 = Debug|Any CPU
		{5D131565-9700-4E82-9D25-C9DE507C62C6}.Debug|x86.ActiveCfg = Debug|Any CPU
		{5D131565-9700-4E82-9D25-C9DE507C62C6}.Debug|x86.Build.0 = Debug|Any CPU
		{5D131565-9700-4E82-9D25-C9DE507C62C6}.Release|Any CPU.ActiveCfg = Release|Any CPU
		{5D131565-9700-4E82-9D25-C9DE507C62C6}.Release|Any CPU.Build.0 = Release|Any CPU
		{5D131565-9700-4E82-9D25-C9DE507C62C6}.Release|x64.ActiveCfg = Release|Any CPU
		{5D131565-9700-4E82-9D25-C9DE507C62C6}.Release|x64.Build.0 = Release|Any CPU
		{5D131565-9700-4E82-9D25-C9DE507C62C6}.Release|x86.ActiveCfg = Release|Any CPU
		{5D131565-9700-4E82-9D25-C9DE507C62C6}.Release|x86.Build.0 = Release|Any CPU
	EndGlobalSection
	GlobalSection(SolutionProperties) = preSolution
		HideSolutionNode = FALSE
	EndGlobalSection
	GlobalSection(NestedProjects) = preSolution
		{8E97E9C7-6623-1615-571E-7E846B8453F0} = {B0EA70D8-25B5-429C-BEB9-39CCFD0C288B}
		{3828B06A-D5DB-3D88-0DA6-541F61E01C5C} = {B0EA70D8-25B5-429C-BEB9-39CCFD0C288B}
		{1E33EDA1-B49D-4494-9169-0E8640A2662C} = {B0EA70D8-25B5-429C-BEB9-39CCFD0C288B}
		{B324EF4B-1138-9092-5451-0CD48C485E9A} = {B0EA70D8-25B5-429C-BEB9-39CCFD0C288B}
		{53D6ED1B-E4CD-444B-8E3C-9F8B81DF5765} = {136B6184-D1B9-4F77-A4D3-6E720157DD33}
		{CE610734-36F4-43EF-BA94-DEB86EA0DC6D} = {0C88DD14-F956-CE84-757C-A364CCF449FC}
		{93BA8A01-2A49-42ED-8C7F-D6D3F8D4E640} = {0C88DD14-F956-CE84-757C-A364CCF449FC}
		{73B7EB8F-F526-4196-AC9E-F9D407EEB118} = {0C88DD14-F956-CE84-757C-A364CCF449FC}
		{71796DAA-650F-478D-AC7D-056ABCA711D1} = {0C88DD14-F956-CE84-757C-A364CCF449FC}
		{5D131565-9700-4E82-9D25-C9DE507C62C6} = {0C88DD14-F956-CE84-757C-A364CCF449FC}
	EndGlobalSection
	GlobalSection(ExtensibilityGlobals) = postSolution
		SolutionGuid = {357C05EB-10D1-426E-B5E1-B32AC7078913}
	EndGlobalSection
EndGlobal
